lockfileVersion: 5.4

specifiers:
  "@types/node": ^18.11.18
  "@types/which": ^2.0.1
  chalk: ^5.2.0
  commander: ^10.0.0
  prettier: ^2.8.3
  typescript: ^4.9.4
  which: ^3.0.0

dependencies:
  chalk: 5.2.0
  commander: 10.0.0
  which: 3.0.0

devDependencies:
  "@types/node": 18.11.18
  "@types/which": 2.0.1
  prettier: 2.8.3
  typescript: 4.9.4

packages:
  /@types/node/18.11.18:
    resolution:
      {
        integrity: sha512-DHQpWGjyQKSHj3ebjFI/wRKcqQcdR+MoFBygntYOZytCqNfkd2ZC4ARDJ2DQqhjH5p85Nnd3jhUJIXrszFX/JA==,
      }
    dev: true

  /@types/which/2.0.1:
    resolution:
      {
        integrity: sha512-Jjakcv8Roqtio6w1gr0D7y6twbhx6gGgFGF5BLwajPpnOIOxFkakFhCq+LmyyeAz7BX6ULrjBOxdKaCDy+4+dQ==,
      }
    dev: true

  /chalk/5.2.0:
    resolution:
      {
        integrity: sha512-ree3Gqw/nazQAPuJJEy+avdl7QfZMcUvmHIKgEZkGL+xOBzRvup5Hxo6LHuMceSxOabuJLJm5Yp/92R9eMmMvA==,
      }
    engines: { node: ^12.17.0 || ^14.13 || >=16.0.0 }
    dev: false

  /commander/10.0.0:
    resolution:
      {
        integrity: sha512-zS5PnTI22FIRM6ylNW8G4Ap0IEOyk62fhLSD0+uHRT9McRCLGpkVNvao4bjimpK/GShynyQkFFxHhwMcETmduA==,
      }
    engines: { node: ">=14" }
    dev: false

  /isexe/2.0.0:
    resolution:
      {
        integrity: sha512-RHxMLp9lnKHGHRng9QFhRCMbYAcVpn69smSGcq3f36xjgVVWThj4qqLbTLlq7Ssj8B+fIQ1EuCEGI2lKsyQeIw==,
      }
    dev: false

  /prettier/2.8.3:
    resolution:
      {
        integrity: sha512-tJ/oJ4amDihPoufT5sM0Z1SKEuKay8LfVAMlbbhnnkvt6BUserZylqo2PN+p9KeljLr0OHa2rXHU1T8reeoTrw==,
      }
    engines: { node: ">=10.13.0" }
    hasBin: true
    dev: true

  /typescript/4.9.4:
    resolution:
      {
        integrity: sha512-Uz+dTXYzxXXbsFpM86Wh3dKCxrQqUcVMxwU54orwlJjOpO3ao8L7j5lH+dWfTwgCwIuM9GQ2kvVotzYJMXTBZg==,
      }
    engines: { node: ">=4.2.0" }
    hasBin: true
    dev: true

  /which/3.0.0:
    resolution:
      {
        integrity: sha512-nla//68K9NU6yRiwDY/Q8aU6siKlSs64aEC7+IV56QoAuyQT2ovsJcgGYGyqMOmI/CGN1BOR6mM5EN0FBO+zyQ==,
      }
    engines: { node: ^14.17.0 || ^16.13.0 || >=18.0.0 }
    hasBin: true
    dependencies:
      isexe: 2.0.0
    dev: false
